
Microsoft Visual Studio Solution File, Format Version 12.00
# Visual Studio Version 16
VisualStudioVersion = 16.0.30611.23
MinimumVisualStudioVersion = 10.0.40219.1
Project("{FAE04EC0-301F-11D3-BF4B-00C04F79EFBC}") = "AppControlPlanTesis", "AppControlPlanTesis\AppControlPlanTesis.csproj", "{FBE600B4-B10F-4765-AFD4-E1558D7306E4}"
EndProject
Project("{FAE04EC0-301F-11D3-BF4B-00C04F79EFBC}") = "LibClases", "LibClases\LibClases.csproj", "{7ACDB491-9220-4102-9FB0-330A0777C1A4}"
EndProject
Project("{FAE04EC0-301F-11D3-BF4B-00C04F79EFBC}") = "LibFormularios", "LibFormularios\LibFormularios.csproj", "{C034170E-617C-4E75-9B87-A828A95E9083}"
EndProject
Global
	GlobalSection(SolutionConfigurationPlatforms) = preSolution
		Debug|Any CPU = Debug|Any CPU
		Release|Any CPU = Release|Any CPU
	EndGlobalSection
	GlobalSection(ProjectConfigurationPlatforms) = postSolution
		{FBE600B4-B10F-4765-AFD4-E1558D7306E4}.Debug|Any CPU.ActiveCfg = Debug|Any CPU
		{FBE600B4-B10F-4765-AFD4-E1558D7306E4}.Debug|Any CPU.Build.0 = Debug|Any CPU
		{FBE600B4-B10F-4765-AFD4-E1558D7306E4}.Release|Any CPU.ActiveCfg = Release|Any CPU
		{FBE600B4-B10F-4765-AFD4-E1558D7306E4}.Release|Any CPU.Build.0 = Release|Any CPU
		{7ACDB491-9220-4102-9FB0-330A0777C1A4}.Debug|Any CPU.ActiveCfg = Debug|Any CPU
		{7ACDB491-9220-4102-9FB0-330A0777C1A4}.Debug|Any CPU.Build.0 = Debug|Any CPU
		{7ACDB491-9220-4102-9FB0-330A0777C1A4}.Release|Any CPU.ActiveCfg = Release|Any CPU
		{7ACDB491-9220-4102-9FB0-330A0777C1A4}.Release|Any CPU.Build.0 = Release|Any CPU
		{C034170E-617C-4E75-9B87-A828A95E9083}.Debug|Any CPU.ActiveCfg = Debug|Any CPU
		{C034170E-617C-4E75-9B87-A828A95E9083}.Debug|Any CPU.Build.0 = Debug|Any CPU
		{C034170E-617C-4E75-9B87-A828A95E9083}.Release|Any CPU.ActiveCfg = Release|Any CPU
		{C034170E-617C-4E75-9B87-A828A95E9083}.Release|Any CPU.Build.0 = Release|Any CPU
	EndGlobalSection
	GlobalSection(SolutionProperties) = preSolution
		HideSolutionNode = FALSE
	EndGlobalSection
	GlobalSection(ExtensibilityGlobals) = postSolution
		SolutionGuid = {4C9101B5-5655-4191-8EFC-CE70BEB658AC}
	EndGlobalSection
EndGlobal
